hash: b9ac3b5f929a5344581e7b30fbd3df2488800d4b08f6026bade5e4a46710228e
updated: 2017-12-16T15:48:03.715483619Z
imports:
- name: github.com/alexflint/go-arg
  version: 59fccacb2679dde66e0b20ed65bd26178fcbf54e
- name: github.com/alexflint/go-scalar
  version: 45e5d6cd8605faef82fda2bacc59e734a0b6f1f0
- name: github.com/coreos/go-systemd
  version: c966a8af8422394b2e370d90e2101adba21c14be
  subpackages:
  - activation
- name: github.com/docker/docker
  version: 52656da9500eefedd69361849954e7d44b9a1513
  subpackages:
  - api/types/plugins/logdriver
- name: github.com/docker/go-connections
  version: 3ede32e2033de7505e6500d6c868c2b9ed9f169d
  subpackages:
  - sockets
- name: github.com/docker/go-plugins-helpers
  version: bd8c600f0cdd76c7a57ff6aa86bd2b423868c688
  subpackages:
  - sdk
- name: github.com/gogo/protobuf
  version: 35b81a066e522fb86ece043a8ef1dbfa10b4fed1
  subpackages:
  - io
- name: github.com/Microsoft/go-winio
  version: 78439966b38d69bf38227fbf57ac8a6fee70f69a
- name: github.com/pkg/errors
  version: e881fd58d78e04cf6d0de1217f8707c8cc2249bc
- name: github.com/rs/zerolog
  version: c2fc1c63dc6a2a2ed48ce9aa4cd5e4c4173b3440
  subpackages:
  - internal/json
- name: github.com/tonistiigi/fifo
  version: fbfb6a11ec671efbe94ad1c12c2e98773f19e1e6
- name: golang.org/x/net
  version: d866cfc389cec985d6fda2859936a575a55a3ab6
  subpackages:
  - proxy
- name: golang.org/x/sys
  version: d5840adf789d732bc8b00f37b26ca956a7cc8e79
  subpackages:
  - windows
testImports: []
