hash: 8c0e47842818f0702e777a1903da9ff9e075bcc6898a7f933444db8b6f250335
updated: 2017-12-17T00:01:34.648161701Z
imports:
- name: github.com/alexflint/go-arg
  version: 59fccacb2679dde66e0b20ed65bd26178fcbf54e
- name: github.com/alexflint/go-scalar
  version: 45e5d6cd8605faef82fda2bacc59e734a0b6f1f0
- name: github.com/coreos/go-systemd
  version: c966a8af8422394b2e370d90e2101adba21c14be
  subpackages:
  - activation
- name: github.com/docker/docker
  version: 26bc976ac9e379b4432f71394f069dfb1e4d7baf
  subpackages:
  - api/types/plugins/logdriver
- name: github.com/docker/go-connections
  version: 3ede32e2033de7505e6500d6c868c2b9ed9f169d
  subpackages:
  - sockets
- name: github.com/docker/go-plugins-helpers
  version: bd8c600f0cdd76c7a57ff6aa86bd2b423868c688
  subpackages:
  - sdk
- name: github.com/gogo/protobuf
  version: 35b81a066e522fb86ece043a8ef1dbfa10b4fed1
  subpackages:
  - io
  - proto
- name: github.com/Microsoft/go-winio
  version: 78439966b38d69bf38227fbf57ac8a6fee70f69a
- name: github.com/pkg/errors
  version: e881fd58d78e04cf6d0de1217f8707c8cc2249bc
- name: github.com/rs/zerolog
  version: c2fc1c63dc6a2a2ed48ce9aa4cd5e4c4173b3440
  subpackages:
  - internal/json
- name: github.com/tonistiigi/fifo
  version: fbfb6a11ec671efbe94ad1c12c2e98773f19e1e6
- name: golang.org/x/net
  version: d866cfc389cec985d6fda2859936a575a55a3ab6
  subpackages:
  - context
  - proxy
- name: golang.org/x/sys
  version: 571f7bbbe08da2a8955aed9d4db316e78630e9a3
  subpackages:
  - unix
  - windows
- name: gopkg.in/fatih/pool.v2
  version: 010e0b745d12eaf8426c95f9c3924d81dd0b668f
testImports: []
